
Microsoft Visual Studio Solution File, Format Version 12.00
# Visual Studio 15
VisualStudioVersion = 15.0.28307.421
MinimumVisualStudioVersion = 10.0.40219.1
Project("{FAE04EC0-301F-11D3-BF4B-00C04F79EFBC}") = "GolfNow.Android", "GolfNow\GolfNow.Android\GolfNow.Android.csproj", "{18B8B958-214A-47CD-9F3B-450657D872C5}"
EndProject
Project("{FAE04EC0-301F-11D3-BF4B-00C04F79EFBC}") = "GolfNow.iOS", "GolfNow\GolfNow.iOS\GolfNow.iOS.csproj", "{77DA0817-C558-4F69-AD5E-42C5B0A5C3CF}"
EndProject
Project("{FAE04EC0-301F-11D3-BF4B-00C04F79EFBC}") = "GolfNow", "GolfNow\GolfNow\GolfNow.csproj", "{4EEB1A5A-5D9E-4AF1-925C-CC89E962CE2C}"
EndProject
Global
	GlobalSection(SolutionConfigurationPlatforms) = preSolution
		Ad-Hoc|Any CPU = Ad-Hoc|Any CPU
		Ad-Hoc|iPhone = Ad-Hoc|iPhone
		Ad-Hoc|iPhoneSimulator = Ad-Hoc|iPhoneSimulator
		AppStore|Any CPU = AppStore|Any CPU
		AppStore|iPhone = AppStore|iPhone
		AppStore|iPhoneSimulator = AppStore|iPhoneSimulator
		Debug|Any CPU = Debug|Any CPU
		Debug|iPhone = Debug|iPhone
		Debug|iPhoneSimulator = Debug|iPhoneSimulator
		Release|Any CPU = Release|Any CPU
		Release|iPhone = Release|iPhone
		Release|iPhoneSimulator = Release|iPhoneSimulator
	EndGlobalSection
	GlobalSection(ProjectConfigurationPlatforms) = postSolution
		{18B8B958-214A-47CD-9F3B-450657D872C5}.Ad-Hoc|Any CPU.ActiveCfg = Release|Any CPU
		{18B8B958-214A-47CD-9F3B-450657D872C5}.Ad-Hoc|Any CPU.Build.0 = Release|Any CPU
		{18B8B958-214A-47CD-9F3B-450657D872C5}.Ad-Hoc|Any CPU.Deploy.0 = Release|Any CPU
		{18B8B958-214A-47CD-9F3B-450657D872C5}.Ad-Hoc|iPhone.ActiveCfg = Release|Any CPU
		{18B8B958-214A-47CD-9F3B-450657D872C5}.Ad-Hoc|iPhone.Build.0 = Release|Any CPU
		{18B8B958-214A-47CD-9F3B-450657D872C5}.Ad-Hoc|iPhone.Deploy.0 = Release|Any CPU
		{18B8B958-214A-47CD-9F3B-450657D872C5}.Ad-Hoc|iPhoneSimulator.ActiveCfg = Release|Any CPU
		{18B8B958-214A-47CD-9F3B-450657D872C5}.Ad-Hoc|iPhoneSimulator.Build.0 = Release|Any CPU
		{18B8B958-214A-47CD-9F3B-450657D872C5}.Ad-Hoc|iPhoneSimulator.Deploy.0 = Release|Any CPU
		{18B8B958-214A-47CD-9F3B-450657D872C5}.AppStore|Any CPU.ActiveCfg = Release|Any CPU
		{18B8B958-214A-47CD-9F3B-450657D872C5}.AppStore|Any CPU.Build.0 = Release|Any CPU
		{18B8B958-214A-47CD-9F3B-450657D872C5}.AppStore|Any CPU.Deploy.0 = Release|Any CPU
		{18B8B958-214A-47CD-9F3B-450657D872C5}.AppStore|iPhone.ActiveCfg = Release|Any CPU
		{18B8B958-214A-47CD-9F3B-450657D872C5}.AppStore|iPhone.Build.0 = Release|Any CPU
		{18B8B958-214A-47CD-9F3B-450657D872C5}.AppStore|iPhone.Deploy.0 = Release|Any CPU
		{18B8B958-214A-47CD-9F3B-450657D872C5}.AppStore|iPhoneSimulator.ActiveCfg = Release|Any CPU
		{18B8B958-214A-47CD-9F3B-450657D872C5}.AppStore|iPhoneSimulator.Build.0 = Release|Any CPU
		{18B8B958-214A-47CD-9F3B-450657D872C5}.AppStore|iPhoneSimulator.Deploy.0 = Release|Any CPU
		{18B8B958-214A-47CD-9F3B-450657D872C5}.Debug|Any CPU.ActiveCfg = Debug|Any CPU
		{18B8B958-214A-47CD-9F3B-450657D872C5}.Debug|Any CPU.Build.0 = Debug|Any CPU
		{18B8B958-214A-47CD-9F3B-450657D872C5}.Debug|Any CPU.Deploy.0 = Debug|Any CPU
		{18B8B958-214A-47CD-9F3B-450657D872C5}.Debug|iPhone.ActiveCfg = Debug|Any CPU
		{18B8B958-214A-47CD-9F3B-450657D872C5}.Debug|iPhone.Build.0 = Debug|Any CPU
		{18B8B958-214A-47CD-9F3B-450657D872C5}.Debug|iPhone.Deploy.0 = Debug|Any CPU
		{18B8B958-214A-47CD-9F3B-450657D872C5}.Debug|iPhoneSimulator.ActiveCfg = Debug|Any CPU
		{18B8B958-214A-47CD-9F3B-450657D872C5}.Debug|iPhoneSimulator.Build.0 = Debug|Any CPU
		{18B8B958-214A-47CD-9F3B-450657D872C5}.Debug|iPhoneSimulator.Deploy.0 = Debug|Any CPU
		{18B8B958-214A-47CD-9F3B-450657D872C5}.Release|Any CPU.ActiveCfg = Release|Any CPU
		{18B8B958-214A-47CD-9F3B-450657D872C5}.Release|Any CPU.Build.0 = Release|Any CPU
		{18B8B958-214A-47CD-9F3B-450657D872C5}.Release|Any CPU.Deploy.0 = Release|Any CPU
		{18B8B958-214A-47CD-9F3B-450657D872C5}.Release|iPhone.ActiveCfg = Release|Any CPU
		{18B8B958-214A-47CD-9F3B-450657D872C5}.Release|iPhone.Build.0 = Release|Any CPU
		{18B8B958-214A-47CD-9F3B-450657D872C5}.Release|iPhone.Deploy.0 = Release|Any CPU
		{18B8B958-214A-47CD-9F3B-450657D872C5}.Release|iPhoneSimulator.ActiveCfg = Release|Any CPU
		{18B8B958-214A-47CD-9F3B-450657D872C5}.Release|iPhoneSimulator.Build.0 = Release|Any CPU
		{18B8B958-214A-47CD-9F3B-450657D872C5}.Release|iPhoneSimulator.Deploy.0 = Release|Any CPU
		{77DA0817-C558-4F69-AD5E-42C5B0A5C3CF}.Ad-Hoc|Any CPU.ActiveCfg = Ad-Hoc|iPhone
		{77DA0817-C558-4F69-AD5E-42C5B0A5C3CF}.Ad-Hoc|Any CPU.Build.0 = Ad-Hoc|iPhone
		{77DA0817-C558-4F69-AD5E-42C5B0A5C3CF}.Ad-Hoc|Any CPU.Deploy.0 = Ad-Hoc|iPhone
		{77DA0817-C558-4F69-AD5E-42C5B0A5C3CF}.Ad-Hoc|iPhone.ActiveCfg = Ad-Hoc|iPhone
		{77DA0817-C558-4F69-AD5E-42C5B0A5C3CF}.Ad-Hoc|iPhone.Build.0 = Ad-Hoc|iPhone
		{77DA0817-C558-4F69-AD5E-42C5B0A5C3CF}.Ad-Hoc|iPhone.Deploy.0 = Ad-Hoc|iPhone
		{77DA0817-C558-4F69-AD5E-42C5B0A5C3CF}.Ad-Hoc|iPhoneSimulator.ActiveCfg = Ad-Hoc|iPhoneSimulator
		{77DA0817-C558-4F69-AD5E-42C5B0A5C3CF}.Ad-Hoc|iPhoneSimulator.Build.0 = Ad-Hoc|iPhoneSimulator
		{77DA0817-C558-4F69-AD5E-42C5B0A5C3CF}.Ad-Hoc|iPhoneSimulator.Deploy.0 = Ad-Hoc|iPhoneSimulator
		{77DA0817-C558-4F69-AD5E-42C5B0A5C3CF}.AppStore|Any CPU.ActiveCfg = AppStore|iPhone
		{77DA0817-C558-4F69-AD5E-42C5B0A5C3CF}.AppStore|Any CPU.Build.0 = AppStore|iPhone
		{77DA0817-C558-4F69-AD5E-42C5B0A5C3CF}.AppStore|Any CPU.Deploy.0 = AppStore|iPhone
		{77DA0817-C558-4F69-AD5E-42C5B0A5C3CF}.AppStore|iPhone.ActiveCfg = AppStore|iPhone
		{77DA0817-C558-4F69-AD5E-42C5B0A5C3CF}.AppStore|iPhone.Build.0 = AppStore|iPhone
		{77DA0817-C558-4F69-AD5E-42C5B0A5C3CF}.AppStore|iPhone.Deploy.0 = AppStore|iPhone
		{77DA0817-C558-4F69-AD5E-42C5B0A5C3CF}.AppStore|iPhoneSimulator.ActiveCfg = AppStore|iPhoneSimulator
		{77DA0817-C558-4F69-AD5E-42C5B0A5C3CF}.AppStore|iPhoneSimulator.Build.0 = AppStore|iPhoneSimulator
		{77DA0817-C558-4F69-AD5E-42C5B0A5C3CF}.AppStore|iPhoneSimulator.Deploy.0 = AppStore|iPhoneSimulator
		{77DA0817-C558-4F69-AD5E-42C5B0A5C3CF}.Debug|Any CPU.ActiveCfg = Debug|iPhoneSimulator
		{77DA0817-C558-4F69-AD5E-42C5B0A5C3CF}.Debug|Any CPU.Build.0 = Debug|iPhoneSimulator
		{77DA0817-C558-4F69-AD5E-42C5B0A5C3CF}.Debug|Any CPU.Deploy.0 = Debug|iPhoneSimulator
		{77DA0817-C558-4F69-AD5E-42C5B0A5C3CF}.Debug|iPhone.ActiveCfg = Debug|iPhone
		{77DA0817-C558-4F69-AD5E-42C5B0A5C3CF}.Debug|iPhone.Build.0 = Debug|iPhone
		{77DA0817-C558-4F69-AD5E-42C5B0A5C3CF}.Debug|iPhone.Deploy.0 = Debug|iPhone
		{77DA0817-C558-4F69-AD5E-42C5B0A5C3CF}.Debug|iPhoneSimulator.ActiveCfg = Debug|iPhoneSimulator
		{77DA0817-C558-4F69-AD5E-42C5B0A5C3CF}.Debug|iPhoneSimulator.Build.0 = Debug|iPhoneSimulator
		{77DA0817-C558-4F69-AD5E-42C5B0A5C3CF}.Debug|iPhoneSimulator.Deploy.0 = Debug|iPhoneSimulator
		{77DA0817-C558-4F69-AD5E-42C5B0A5C3CF}.Release|Any CPU.ActiveCfg = Release|iPhone
		{77DA0817-C558-4F69-AD5E-42C5B0A5C3CF}.Release|Any CPU.Build.0 = Release|iPhone
		{77DA0817-C558-4F69-AD5E-42C5B0A5C3CF}.Release|Any CPU.Deploy.0 = Release|iPhone
		{77DA0817-C558-4F69-AD5E-42C5B0A5C3CF}.Release|iPhone.ActiveCfg = Release|iPhone
		{77DA0817-C558-4F69-AD5E-42C5B0A5C3CF}.Release|iPhone.Build.0 = Release|iPhone
		{77DA0817-C558-4F69-AD5E-42C5B0A5C3CF}.Release|iPhone.Deploy.0 = Release|iPhone
		{77DA0817-C558-4F69-AD5E-42C5B0A5C3CF}.Release|iPhoneSimulator.ActiveCfg = Release|iPhoneSimulator
		{77DA0817-C558-4F69-AD5E-42C5B0A5C3CF}.Release|iPhoneSimulator.Build.0 = Release|iPhoneSimulator
		{77DA0817-C558-4F69-AD5E-42C5B0A5C3CF}.Release|iPhoneSimulator.Deploy.0 = Release|iPhoneSimulator
		{4EEB1A5A-5D9E-4AF1-925C-CC89E962CE2C}.Ad-Hoc|Any CPU.ActiveCfg = Debug|Any CPU
		{4EEB1A5A-5D9E-4AF1-925C-CC89E962CE2C}.Ad-Hoc|Any CPU.Build.0 = Debug|Any CPU
		{4EEB1A5A-5D9E-4AF1-925C-CC89E962CE2C}.Ad-Hoc|Any CPU.Deploy.0 = Debug|Any CPU
		{4EEB1A5A-5D9E-4AF1-925C-CC89E962CE2C}.Ad-Hoc|iPhone.ActiveCfg = Debug|Any CPU
		{4EEB1A5A-5D9E-4AF1-925C-CC89E962CE2C}.Ad-Hoc|iPhone.Build.0 = Debug|Any CPU
		{4EEB1A5A-5D9E-4AF1-925C-CC89E962CE2C}.Ad-Hoc|iPhone.Deploy.0 = Debug|Any CPU
		{4EEB1A5A-5D9E-4AF1-925C-CC89E962CE2C}.Ad-Hoc|iPhoneSimulator.ActiveCfg = Debug|Any CPU
		{4EEB1A5A-5D9E-4AF1-925C-CC89E962CE2C}.Ad-Hoc|iPhoneSimulator.Build.0 = Debug|Any CPU
		{4EEB1A5A-5D9E-4AF1-925C-CC89E962CE2C}.Ad-Hoc|iPhoneSimulator.Deploy.0 = Debug|Any CPU
		{4EEB1A5A-5D9E-4AF1-925C-CC89E962CE2C}.AppStore|Any CPU.ActiveCfg = Debug|Any CPU
		{4EEB1A5A-5D9E-4AF1-925C-CC89E962CE2C}.AppStore|Any CPU.Build.0 = Debug|Any CPU
		{4EEB1A5A-5D9E-4AF1-925C-CC89E962CE2C}.AppStore|Any CPU.Deploy.0 = Debug|Any CPU
		{4EEB1A5A-5D9E-4AF1-925C-CC89E962CE2C}.AppStore|iPhone.ActiveCfg = Debug|Any CPU
		{4EEB1A5A-5D9E-4AF1-925C-CC89E962CE2C}.AppStore|iPhone.Build.0 = Debug|Any CPU
		{4EEB1A5A-5D9E-4AF1-925C-CC89E962CE2C}.AppStore|iPhone.Deploy.0 = Debug|Any CPU
		{4EEB1A5A-5D9E-4AF1-925C-CC89E962CE2C}.AppStore|iPhoneSimulator.ActiveCfg = Debug|Any CPU
		{4EEB1A5A-5D9E-4AF1-925C-CC89E962CE2C}.AppStore|iPhoneSimulator.Build.0 = Debug|Any CPU
		{4EEB1A5A-5D9E-4AF1-925C-CC89E962CE2C}.AppStore|iPhoneSimulator.Deploy.0 = Debug|Any CPU
		{4EEB1A5A-5D9E-4AF1-925C-CC89E962CE2C}.Debug|Any CPU.ActiveCfg = Debug|Any CPU
		{4EEB1A5A-5D9E-4AF1-925C-CC89E962CE2C}.Debug|Any CPU.Build.0 = Debug|Any CPU
		{4EEB1A5A-5D9E-4AF1-925C-CC89E962CE2C}.Debug|Any CPU.Deploy.0 = Debug|Any CPU
		{4EEB1A5A-5D9E-4AF1-925C-CC89E962CE2C}.Debug|iPhone.ActiveCfg = Debug|Any CPU
		{4EEB1A5A-5D9E-4AF1-925C-CC89E962CE2C}.Debug|iPhone.Build.0 = Debug|Any CPU
		{4EEB1A5A-5D9E-4AF1-925C-CC89E962CE2C}.Debug|iPhone.Deploy.0 = Debug|Any CPU
		{4EEB1A5A-5D9E-4AF1-925C-CC89E962CE2C}.Debug|iPhoneSimulator.ActiveCfg = Debug|Any CPU
		{4EEB1A5A-5D9E-4AF1-925C-CC89E962CE2C}.Debug|iPhoneSimulator.Build.0 = Debug|Any CPU
		{4EEB1A5A-5D9E-4AF1-925C-CC89E962CE2C}.Debug|iPhoneSimulator.Deploy.0 = Debug|Any CPU
		{4EEB1A5A-5D9E-4AF1-925C-CC89E962CE2C}.Release|Any CPU.ActiveCfg = Release|Any CPU
		{4EEB1A5A-5D9E-4AF1-925C-CC89E962CE2C}.Release|Any CPU.Build.0 = Release|Any CPU
		{4EEB1A5A-5D9E-4AF1-925C-CC89E962CE2C}.Release|Any CPU.Deploy.0 = Release|Any CPU
		{4EEB1A5A-5D9E-4AF1-925C-CC89E962CE2C}.Release|iPhone.ActiveCfg = Release|Any CPU
		{4EEB1A5A-5D9E-4AF1-925C-CC89E962CE2C}.Release|iPhone.Build.0 = Release|Any CPU
		{4EEB1A5A-5D9E-4AF1-925C-CC89E962CE2C}.Release|iPhone.Deploy.0 = Release|Any CPU
		{4EEB1A5A-5D9E-4AF1-925C-CC89E962CE2C}.Release|iPhoneSimulator.ActiveCfg = Release|Any CPU
		{4EEB1A5A-5D9E-4AF1-925C-CC89E962CE2C}.Release|iPhoneSimulator.Build.0 = Release|Any CPU
		{4EEB1A5A-5D9E-4AF1-925C-CC89E962CE2C}.Release|iPhoneSimulator.Deploy.0 = Release|Any CPU
	EndGlobalSection
	GlobalSection(SolutionProperties) = preSolution
		HideSolutionNode = FALSE
	EndGlobalSection
	GlobalSection(ExtensibilityGlobals) = postSolution
		SolutionGuid = {84D00F06-8146-4A86-A3D6-27194F64EC15}
	EndGlobalSection
EndGlobal
